// !$*UTF8*$!
{
	archiveVersion = 1;
	classes = {
	};
	objectVersion = 55;
	objects = {

/* Begin PBXBuildFile section */
		7F7B9A9C271BF3FA00522C99 /* PaneApp.swift in Sources */ = {isa = PBXBuildFile; fileRef = 7F7B9A9B271BF3FA00522C99 /* PaneApp.swift */; };
		7F7B9A9E271BF3FA00522C99 /* DemoView.swift in Sources */ = {isa = PBXBuildFile; fileRef = 7F7B9A9D271BF3FA00522C99 /* DemoView.swift */; };
		7F7B9AA0271BF3FC00522C99 /* Assets.xcassets in Resources */ = {isa = PBXBuildFile; fileRef = 7F7B9A9F271BF3FC00522C99 /* Assets.xcassets */; };
		7F7B9AA3271BF3FC00522C99 /* Preview Assets.xcassets in Resources */ = {isa = PBXBuildFile; fileRef = 7F7B9AA2271BF3FC00522C99 /* Preview Assets.xcassets */; };
		7F7B9AAB271BF98100522C99 /* BottomSheet in Frameworks */ = {isa = PBXBuildFile; productRef = 7F7B9AAA271BF98100522C99 /* BottomSheet */; };
		D703C4772724FBD7005A1942 /* CanvasView.swift in Sources */ = {isa = PBXBuildFile; fileRef = D703C4762724FBD7005A1942 /* CanvasView.swift */; };
		D703C4792724FCFC005A1942 /* Configuration.swift in Sources */ = {isa = PBXBuildFile; fileRef = D703C4782724FCFC005A1942 /* Configuration.swift */; };
		D703C47C2724FDB4005A1942 /* Color+Codable.swift in Sources */ = {isa = PBXBuildFile; fileRef = D703C47B2724FDB4005A1942 /* Color+Codable.swift */; };
		D70E82E9272107BA008F7130 /* StepperView.swift in Sources */ = {isa = PBXBuildFile; fileRef = D70E82E8272107BA008F7130 /* StepperView.swift */; };
		D70E82EC272120CB008F7130 /* SimpleView.swift in Sources */ = {isa = PBXBuildFile; fileRef = D70E82EB272120CB008F7130 /* SimpleView.swift */; };
		D726FC862724C27C00D5089E /* PerfectBrandView.swift in Sources */ = {isa = PBXBuildFile; fileRef = D726FC852724C27C00D5089E /* PerfectBrandView.swift */; };
		D726FC882724C29F00D5089E /* PerfectBrandViewModel.swift in Sources */ = {isa = PBXBuildFile; fileRef = D726FC872724C29F00D5089E /* PerfectBrandViewModel.swift */; };
		D726FC8B2724C78A00D5089E /* PagerTabStripView in Frameworks */ = {isa = PBXBuildFile; productRef = D726FC8A2724C78A00D5089E /* PagerTabStripView */; };
		D7292BB42725445900A943B0 /* Background.swift in Sources */ = {isa = PBXBuildFile; fileRef = D7292BB32725445900A943B0 /* Background.swift */; };
		D73B5892272614A200207B6F /* WatermarkView.swift in Sources */ = {isa = PBXBuildFile; fileRef = D73B5891272614A200207B6F /* WatermarkView.swift */; };
		D73B5894272614CA00207B6F /* Watermark.swift in Sources */ = {isa = PBXBuildFile; fileRef = D73B5893272614CA00207B6F /* Watermark.swift */; };
		D740594B2725481B00730543 /* BackgroundView.swift in Sources */ = {isa = PBXBuildFile; fileRef = D740594A2725481B00730543 /* BackgroundView.swift */; };
		D740594E2725482D00730543 /* SquarePatternView.swift in Sources */ = {isa = PBXBuildFile; fileRef = D740594D2725482D00730543 /* SquarePatternView.swift */; };
		D78283D22720C46B00CC059C /* TweakPane in Frameworks */ = {isa = PBXBuildFile; productRef = D78283D12720C46B00CC059C /* TweakPane */; };
		D78283DC2720CA4300CC059C /* PhotoView.swift in Sources */ = {isa = PBXBuildFile; fileRef = D78283DB2720CA4300CC059C /* PhotoView.swift */; };
		D78283DF2720CAFA00CC059C /* AnPhotosPicker in Frameworks */ = {isa = PBXBuildFile; productRef = D78283DE2720CAFA00CC059C /* AnPhotosPicker */; };
		D78283E12720CB6200CC059C /* PhotoViewModel.swift in Sources */ = {isa = PBXBuildFile; fileRef = D78283E02720CB6200CC059C /* PhotoViewModel.swift */; };
		D78283E42720CC9C00CC059C /* View+Conditions.swift in Sources */ = {isa = PBXBuildFile; fileRef = D78283E32720CC9C00CC059C /* View+Conditions.swift */; };
		D78283E62720D0BE00CC059C /* ContentView.swift in Sources */ = {isa = PBXBuildFile; fileRef = D78283E52720D0BE00CC059C /* ContentView.swift */; };
		D78283ED2720D88700CC059C /* OtherViews.swift in Sources */ = {isa = PBXBuildFile; fileRef = D78283E82720D88700CC059C /* OtherViews.swift */; };
		D78283EE2720D88700CC059C /* ColorPickerView.swift in Sources */ = {isa = PBXBuildFile; fileRef = D78283E92720D88700CC059C /* ColorPickerView.swift */; };
		D78283EF2720D88700CC059C /* DatePickerView.swift in Sources */ = {isa = PBXBuildFile; fileRef = D78283EA2720D88700CC059C /* DatePickerView.swift */; };
		D78283F02720D88700CC059C /* TextView.swift in Sources */ = {isa = PBXBuildFile; fileRef = D78283EB2720D88700CC059C /* TextView.swift */; };
/* End PBXBuildFile section */

/* Begin PBXFileReference section */
		7F7B9A98271BF3FA00522C99 /* Demo.app */ = {isa = PBXFileReference; explicitFileType = wrapper.application; includeInIndex = 0; path = Demo.app; sourceTree = BUILT_PRODUCTS_DIR; };
		7F7B9A9B271BF3FA00522C99 /* PaneApp.swift */ = {isa = PBXFileReference; lastKnownFileType = sourcecode.swift; path = PaneApp.swift; sourceTree = "<group>"; };
		7F7B9A9D271BF3FA00522C99 /* DemoView.swift */ = {isa = PBXFileReference; lastKnownFileType = sourcecode.swift; path = DemoView.swift; sourceTree = "<group>"; };
		7F7B9A9F271BF3FC00522C99 /* Assets.xcassets */ = {isa = PBXFileReference; lastKnownFileType = folder.assetcatalog; path = Assets.xcassets; sourceTree = "<group>"; };
		7F7B9AA2271BF3FC00522C99 /* Preview Assets.xcassets */ = {isa = PBXFileReference; lastKnownFileType = folder.assetcatalog; path = "Preview Assets.xcassets"; sourceTree = "<group>"; };
		D703C4762724FBD7005A1942 /* CanvasView.swift */ = {isa = PBXFileReference; lastKnownFileType = sourcecode.swift; path = CanvasView.swift; sourceTree = "<group>"; };
		D703C4782724FCFC005A1942 /* Configuration.swift */ = {isa = PBXFileReference; lastKnownFileType = sourcecode.swift; path = Configuration.swift; sourceTree = "<group>"; };
		D703C47B2724FDB4005A1942 /* Color+Codable.swift */ = {isa = PBXFileReference; lastKnownFileType = sourcecode.swift; path = "Color+Codable.swift"; sourceTree = "<group>"; };
		D70E82E8272107BA008F7130 /* StepperView.swift */ = {isa = PBXFileReference; lastKnownFileType = sourcecode.swift; path = StepperView.swift; sourceTree = "<group>"; };
		D70E82EB272120CB008F7130 /* SimpleView.swift */ = {isa = PBXFileReference; fileEncoding = 4; lastKnownFileType = sourcecode.swift; path = SimpleView.swift; sourceTree = "<group>"; };
		D726FC852724C27C00D5089E /* PerfectBrandView.swift */ = {isa = PBXFileReference; lastKnownFileType = sourcecode.swift; path = PerfectBrandView.swift; sourceTree = "<group>"; };
		D726FC872724C29F00D5089E /* PerfectBrandViewModel.swift */ = {isa = PBXFileReference; lastKnownFileType = sourcecode.swift; path = PerfectBrandViewModel.swift; sourceTree = "<group>"; };
		D7292BB32725445900A943B0 /* Background.swift */ = {isa = PBXFileReference; lastKnownFileType = sourcecode.swift; path = Background.swift; sourceTree = "<group>"; };
		D73B5891272614A200207B6F /* WatermarkView.swift */ = {isa = PBXFileReference; lastKnownFileType = sourcecode.swift; path = WatermarkView.swift; sourceTree = "<group>"; };
		D73B5893272614CA00207B6F /* Watermark.swift */ = {isa = PBXFileReference; lastKnownFileType = sourcecode.swift; path = Watermark.swift; sourceTree = "<group>"; };
		D740594A2725481B00730543 /* BackgroundView.swift */ = {isa = PBXFileReference; lastKnownFileType = sourcecode.swift; path = BackgroundView.swift; sourceTree = "<group>"; };
		D740594D2725482D00730543 /* SquarePatternView.swift */ = {isa = PBXFileReference; lastKnownFileType = sourcecode.swift; path = SquarePatternView.swift; sourceTree = "<group>"; };
		D78283DB2720CA4300CC059C /* PhotoView.swift */ = {isa = PBXFileReference; lastKnownFileType = sourcecode.swift; path = PhotoView.swift; sourceTree = "<group>"; };
		D78283E02720CB6200CC059C /* PhotoViewModel.swift */ = {isa = PBXFileReference; lastKnownFileType = sourcecode.swift; path = PhotoViewModel.swift; sourceTree = "<group>"; };
		D78283E32720CC9C00CC059C /* View+Conditions.swift */ = {isa = PBXFileReference; lastKnownFileType = sourcecode.swift; path = "View+Conditions.swift"; sourceTree = "<group>"; };
		D78283E52720D0BE00CC059C /* ContentView.swift */ = {isa = PBXFileReference; lastKnownFileType = sourcecode.swift; path = ContentView.swift; sourceTree = "<group>"; };
		D78283E82720D88700CC059C /* OtherViews.swift */ = {isa = PBXFileReference; fileEncoding = 4; lastKnownFileType = sourcecode.swift; path = OtherViews.swift; sourceTree = "<group>"; };
		D78283E92720D88700CC059C /* ColorPickerView.swift */ = {isa = PBXFileReference; fileEncoding = 4; lastKnownFileType = sourcecode.swift; path = ColorPickerView.swift; sourceTree = "<group>"; };
		D78283EA2720D88700CC059C /* DatePickerView.swift */ = {isa = PBXFileReference; fileEncoding = 4; lastKnownFileType = sourcecode.swift; path = DatePickerView.swift; sourceTree = "<group>"; };
		D78283EB2720D88700CC059C /* TextView.swift */ = {isa = PBXFileReference; fileEncoding = 4; lastKnownFileType = sourcecode.swift; path = TextView.swift; sourceTree = "<group>"; };
/* End PBXFileReference section */

/* Begin PBXFrameworksBuildPhase section */
		7F7B9A95271BF3FA00522C99 /* Frameworks */ = {
			isa = PBXFrameworksBuildPhase;
			buildActionMask = 2147483647;
			files = (
				D726FC8B2724C78A00D5089E /* PagerTabStripView in Frameworks */,
				7F7B9AAB271BF98100522C99 /* BottomSheet in Frameworks */,
				D78283D22720C46B00CC059C /* TweakPane in Frameworks */,
				D78283DF2720CAFA00CC059C /* AnPhotosPicker in Frameworks */,
			);
			runOnlyForDeploymentPostprocessing = 0;
		};
/* End PBXFrameworksBuildPhase section */

/* Begin PBXGroup section */
		7F734DF2271CDFF70025279E /* Views */ = {
			isa = PBXGroup;
			children = (
				D78283E92720D88700CC059C /* ColorPickerView.swift */,
				D78283EA2720D88700CC059C /* DatePickerView.swift */,
				D78283E82720D88700CC059C /* OtherViews.swift */,
				D78283EB2720D88700CC059C /* TextView.swift */,
				D70E82E8272107BA008F7130 /* StepperView.swift */,
			);
			path = Views;
			sourceTree = "<group>";
		};
		7F7B9A8F271BF3FA00522C99 = {
			isa = PBXGroup;
			children = (
				7F7B9A9A271BF3FA00522C99 /* Pane */,
				7F7B9A99271BF3FA00522C99 /* Products */,
				D78283D02720C46B00CC059C /* Frameworks */,
			);
			sourceTree = "<group>";
		};
		7F7B9A99271BF3FA00522C99 /* Products */ = {
			isa = PBXGroup;
			children = (
				7F7B9A98271BF3FA00522C99 /* Demo.app */,
			);
			name = Products;
			sourceTree = "<group>";
		};
		7F7B9A9A271BF3FA00522C99 /* Pane */ = {
			isa = PBXGroup;
			children = (
				D78283F22720F6BB00CC059C /* Features */,
				D78283F12720F6B300CC059C /* App */,
				D78283E22720CC8E00CC059C /* Extensions */,
				7F734DF2271CDFF70025279E /* Views */,
				7F7B9A9F271BF3FC00522C99 /* Assets.xcassets */,
				7F7B9AA1271BF3FC00522C99 /* Preview Content */,
			);
			path = Pane;
			sourceTree = "<group>";
		};
		7F7B9AA1271BF3FC00522C99 /* Preview Content */ = {
			isa = PBXGroup;
			children = (
				7F7B9AA2271BF3FC00522C99 /* Preview Assets.xcassets */,
			);
			path = "Preview Content";
			sourceTree = "<group>";
		};
		D703C47A2724FDA2005A1942 /* Exntensions */ = {
			isa = PBXGroup;
			children = (
				D703C47B2724FDB4005A1942 /* Color+Codable.swift */,
			);
			path = Exntensions;
			sourceTree = "<group>";
		};
		D70E82EA272120CB008F7130 /* Simple */ = {
			isa = PBXGroup;
			children = (
				D70E82EB272120CB008F7130 /* SimpleView.swift */,
			);
			path = Simple;
			sourceTree = "<group>";
		};
		D726FC842724C25900D5089E /* PerfectBrand */ = {
			isa = PBXGroup;
			children = (
				D74059492725481100730543 /* Views */,
				D7292BB22725444C00A943B0 /* Models */,
				D703C47A2724FDA2005A1942 /* Exntensions */,
				D726FC852724C27C00D5089E /* PerfectBrandView.swift */,
				D726FC872724C29F00D5089E /* PerfectBrandViewModel.swift */,
			);
			path = PerfectBrand;
			sourceTree = "<group>";
		};
		D7292BB22725444C00A943B0 /* Models */ = {
			isa = PBXGroup;
			children = (
				D703C4782724FCFC005A1942 /* Configuration.swift */,
				D7292BB32725445900A943B0 /* Background.swift */,
				D73B5893272614CA00207B6F /* Watermark.swift */,
			);
			path = Models;
			sourceTree = "<group>";
		};
		D73B58902726149500207B6F /* Watermark */ = {
			isa = PBXGroup;
			children = (
				D73B5891272614A200207B6F /* WatermarkView.swift */,
			);
			path = Watermark;
			sourceTree = "<group>";
		};
		D74059492725481100730543 /* Views */ = {
			isa = PBXGroup;
			children = (
				D73B58902726149500207B6F /* Watermark */,
				D740594C2725482300730543 /* Background */,
				D703C4762724FBD7005A1942 /* CanvasView.swift */,
			);
			path = Views;
			sourceTree = "<group>";
		};
		D740594C2725482300730543 /* Background */ = {
			isa = PBXGroup;
			children = (
				D740594F2725483300730543 /* Patterns */,
				D740594A2725481B00730543 /* BackgroundView.swift */,
			);
			path = Background;
			sourceTree = "<group>";
		};
		D740594F2725483300730543 /* Patterns */ = {
			isa = PBXGroup;
			children = (
				D740594D2725482D00730543 /* SquarePatternView.swift */,
			);
			path = Patterns;
			sourceTree = "<group>";
		};
		D78283D02720C46B00CC059C /* Frameworks */ = {
			isa = PBXGroup;
			children = (
			);
			name = Frameworks;
			sourceTree = "<group>";
		};
		D78283E22720CC8E00CC059C /* Extensions */ = {
			isa = PBXGroup;
			children = (
				D78283E32720CC9C00CC059C /* View+Conditions.swift */,
			);
			path = Extensions;
			sourceTree = "<group>";
		};
		D78283F12720F6B300CC059C /* App */ = {
			isa = PBXGroup;
			children = (
				D78283E52720D0BE00CC059C /* ContentView.swift */,
				7F7B9A9B271BF3FA00522C99 /* PaneApp.swift */,
			);
			path = App;
			sourceTree = "<group>";
		};
		D78283F22720F6BB00CC059C /* Features */ = {
			isa = PBXGroup;
			children = (
				D726FC842724C25900D5089E /* PerfectBrand */,
				D70E82EA272120CB008F7130 /* Simple */,
				D78283F42720F6CC00CC059C /* Photo */,
				D78283F32720F6C000CC059C /* Demo */,
			);
			path = Features;
			sourceTree = "<group>";
		};
		D78283F32720F6C000CC059C /* Demo */ = {
			isa = PBXGroup;
			children = (
				7F7B9A9D271BF3FA00522C99 /* DemoView.swift */,
			);
			path = Demo;
			sourceTree = "<group>";
		};
		D78283F42720F6CC00CC059C /* Photo */ = {
			isa = PBXGroup;
			children = (
				D78283DB2720CA4300CC059C /* PhotoView.swift */,
				D78283E02720CB6200CC059C /* PhotoViewModel.swift */,
			);
			path = Photo;
			sourceTree = "<group>";
		};
/* End PBXGroup section */

/* Begin PBXNativeTarget section */
		7F7B9A97271BF3FA00522C99 /* Demo */ = {
			isa = PBXNativeTarget;
			buildConfigurationList = 7F7B9AA6271BF3FC00522C99 /* Build configuration list for PBXNativeTarget "Demo" */;
			buildPhases = (
				7F7B9A94271BF3FA00522C99 /* Sources */,
				7F7B9A95271BF3FA00522C99 /* Frameworks */,
				7F7B9A96271BF3FA00522C99 /* Resources */,
			);
			buildRules = (
			);
			dependencies = (
			);
			name = Demo;
			packageProductDependencies = (
				7F7B9AAA271BF98100522C99 /* BottomSheet */,
				D78283D12720C46B00CC059C /* TweakPane */,
				D78283DE2720CAFA00CC059C /* AnPhotosPicker */,
				D726FC8A2724C78A00D5089E /* PagerTabStripView */,
			);
			productName = Pane;
			productReference = 7F7B9A98271BF3FA00522C99 /* Demo.app */;
			productType = "com.apple.product-type.application";
		};
/* End PBXNativeTarget section */

/* Begin PBXProject section */
		7F7B9A90271BF3FA00522C99 /* Project object */ = {
			isa = PBXProject;
			attributes = {
				BuildIndependentTargetsInParallel = 1;
				LastSwiftUpdateCheck = 1300;
				LastUpgradeCheck = 1300;
				TargetAttributes = {
					7F7B9A97271BF3FA00522C99 = {
						CreatedOnToolsVersion = 13.0;
					};
				};
			};
			buildConfigurationList = 7F7B9A93271BF3FA00522C99 /* Build configuration list for PBXProject "Demo" */;
			compatibilityVersion = "Xcode 13.0";
			developmentRegion = en;
			hasScannedForEncodings = 0;
			knownRegions = (
				en,
				Base,
			);
			mainGroup = 7F7B9A8F271BF3FA00522C99;
			packageReferences = (
				7F7B9AA9271BF98100522C99 /* XCRemoteSwiftPackageReference "BottomSheet" */,
				D78283DD2720CAFA00CC059C /* XCRemoteSwiftPackageReference "AnPhotosPicker" */,
				D726FC892724C78A00D5089E /* XCRemoteSwiftPackageReference "PagerTabStripView" */,
			);
			productRefGroup = 7F7B9A99271BF3FA00522C99 /* Products */;
			projectDirPath = "";
			projectRoot = "";
			targets = (
				7F7B9A97271BF3FA00522C99 /* Demo */,
			);
		};
/* End PBXProject section */

/* Begin PBXResourcesBuildPhase section */
		7F7B9A96271BF3FA00522C99 /* Resources */ = {
			isa = PBXResourcesBuildPhase;
			buildActionMask = 2147483647;
			files = (
				7F7B9AA3271BF3FC00522C99 /* Preview Assets.xcassets in Resources */,
				7F7B9AA0271BF3FC00522C99 /* Assets.xcassets in Resources */,
			);
			runOnlyForDeploymentPostprocessing = 0;
		};
/* End PBXResourcesBuildPhase section */

/* Begin PBXSourcesBuildPhase section */
		7F7B9A94271BF3FA00522C99 /* Sources */ = {
			isa = PBXSourcesBuildPhase;
			buildActionMask = 2147483647;
			files = (
				D78283DC2720CA4300CC059C /* PhotoView.swift in Sources */,
				D70E82E9272107BA008F7130 /* StepperView.swift in Sources */,
				D703C47C2724FDB4005A1942 /* Color+Codable.swift in Sources */,
				D703C4772724FBD7005A1942 /* CanvasView.swift in Sources */,
				D73B5894272614CA00207B6F /* Watermark.swift in Sources */,
				D78283F02720D88700CC059C /* TextView.swift in Sources */,
				D7292BB42725445900A943B0 /* Background.swift in Sources */,
				7F7B9A9E271BF3FA00522C99 /* DemoView.swift in Sources */,
				D73B5892272614A200207B6F /* WatermarkView.swift in Sources */,
				D70E82EC272120CB008F7130 /* SimpleView.swift in Sources */,
				D703C4792724FCFC005A1942 /* Configuration.swift in Sources */,
				D78283E12720CB6200CC059C /* PhotoViewModel.swift in Sources */,
				D726FC882724C29F00D5089E /* PerfectBrandViewModel.swift in Sources */,
				D78283ED2720D88700CC059C /* OtherViews.swift in Sources */,
				D78283E62720D0BE00CC059C /* ContentView.swift in Sources */,
				D78283EE2720D88700CC059C /* ColorPickerView.swift in Sources */,
				D740594E2725482D00730543 /* SquarePatternView.swift in Sources */,
				D740594B2725481B00730543 /* BackgroundView.swift in Sources */,
				D726FC862724C27C00D5089E /* PerfectBrandView.swift in Sources */,
				D78283EF2720D88700CC059C /* DatePickerView.swift in Sources */,
				D78283E42720CC9C00CC059C /* View+Conditions.swift in Sources */,
				7F7B9A9C271BF3FA00522C99 /* PaneApp.swift in Sources */,
			);
			runOnlyForDeploymentPostprocessing = 0;
		};
/* End PBXSourcesBuildPhase section */

/* Begin XCBuildConfiguration section */
		7F7B9AA4271BF3FC00522C99 /* Debug */ = {
			isa = XCBuildConfiguration;
			buildSettings = {
				ALWAYS_SEARCH_USER_PATHS = NO;
				CLANG_ANALYZER_NONNULL = YES;
				CLANG_ANALYZER_NUMBER_OBJECT_CONVERSION = YES_AGGRESSIVE;
				CLANG_CXX_LANGUAGE_STANDARD = "gnu++17";
				CLANG_CXX_LIBRARY = "libc++";
				CLANG_ENABLE_MODULES = YES;
				CLANG_ENABLE_OBJC_ARC = YES;
				CLANG_ENABLE_OBJC_WEAK = YES;
				CLANG_WARN_BLOCK_CAPTURE_AUTORELEASING = YES;
				CLANG_WARN_BOOL_CONVERSION = YES;
				CLANG_WARN_COMMA = YES;
				CLANG_WARN_CONSTANT_CONVERSION = YES;
				CLANG_WARN_DEPRECATED_OBJC_IMPLEMENTATIONS = YES;
				CLANG_WARN_DIRECT_OBJC_ISA_USAGE = YES_ERROR;
				CLANG_WARN_DOCUMENTATION_COMMENTS = YES;
				CLANG_WARN_EMPTY_BODY = YES;
				CLANG_WARN_ENUM_CONVERSION = YES;
				CLANG_WARN_INFINITE_RECURSION = YES;
				CLANG_WARN_INT_CONVERSION = YES;
				CLANG_WARN_NON_LITERAL_NULL_CONVERSION = YES;
				CLANG_WARN_OBJC_IMPLICIT_RETAIN_SELF = YES;
				CLANG_WARN_OBJC_LITERAL_CONVERSION = YES;
				CLANG_WARN_OBJC_ROOT_CLASS = YES_ERROR;
				CLANG_WARN_QUOTED_INCLUDE_IN_FRAMEWORK_HEADER = YES;
				CLANG_WARN_RANGE_LOOP_ANALYSIS = YES;
				CLANG_WARN_STRICT_PROTOTYPES = YES;
				CLANG_WARN_SUSPICIOUS_MOVE = YES;
				CLANG_WARN_UNGUARDED_AVAILABILITY = YES_AGGRESSIVE;
				CLANG_WARN_UNREACHABLE_CODE = YES;
				CLANG_WARN__DUPLICATE_METHOD_MATCH = YES;
				COPY_PHASE_STRIP = NO;
				DEBUG_INFORMATION_FORMAT = dwarf;
				ENABLE_STRICT_OBJC_MSGSEND = YES;
				ENABLE_TESTABILITY = YES;
				GCC_C_LANGUAGE_STANDARD = gnu11;
				GCC_DYNAMIC_NO_PIC = NO;
				GCC_NO_COMMON_BLOCKS = YES;
				GCC_OPTIMIZATION_LEVEL = 0;
				GCC_PREPROCESSOR_DEFINITIONS = (
					"DEBUG=1",
					"$(inherited)",
				);
				GCC_WARN_64_TO_32_BIT_CONVERSION = YES;
				GCC_WARN_ABOUT_RETURN_TYPE = YES_ERROR;
				GCC_WARN_UNDECLARED_SELECTOR = YES;
				GCC_WARN_UNINITIALIZED_AUTOS = YES_AGGRESSIVE;
				GCC_WARN_UNUSED_FUNCTION = YES;
				GCC_WARN_UNUSED_VARIABLE = YES;
				IPHONEOS_DEPLOYMENT_TARGET = 15.0;
				MTL_ENABLE_DEBUG_INFO = INCLUDE_SOURCE;
				MTL_FAST_MATH = YES;
				ONLY_ACTIVE_ARCH = YES;
				SDKROOT = iphoneos;
				SWIFT_ACTIVE_COMPILATION_CONDITIONS = DEBUG;
				SWIFT_OPTIMIZATION_LEVEL = "-Onone";
			};
			name = Debug;
		};
		7F7B9AA5271BF3FC00522C99 /* Release */ = {
			isa = XCBuildConfiguration;
			buildSettings = {
				ALWAYS_SEARCH_USER_PATHS = NO;
				CLANG_ANALYZER_NONNULL = YES;
				CLANG_ANALYZER_NUMBER_OBJECT_CONVERSION = YES_AGGRESSIVE;
				CLANG_CXX_LANGUAGE_STANDARD = "gnu++17";
				CLANG_CXX_LIBRARY = "libc++";
				CLANG_ENABLE_MODULES = YES;
				CLANG_ENABLE_OBJC_ARC = YES;
				CLANG_ENABLE_OBJC_WEAK = YES;
				CLANG_WARN_BLOCK_CAPTURE_AUTORELEASING = YES;
				CLANG_WARN_BOOL_CONVERSION = YES;
				CLANG_WARN_COMMA = YES;
				CLANG_WARN_CONSTANT_CONVERSION = YES;
				CLANG_WARN_DEPRECATED_OBJC_IMPLEMENTATIONS = YES;
				CLANG_WARN_DIRECT_OBJC_ISA_USAGE = YES_ERROR;
				CLANG_WARN_DOCUMENTATION_COMMENTS = YES;
				CLANG_WARN_EMPTY_BODY = YES;
				CLANG_WARN_ENUM_CONVERSION = YES;
				CLANG_WARN_INFINITE_RECURSION = YES;
				CLANG_WARN_INT_CONVERSION = YES;
				CLANG_WARN_NON_LITERAL_NULL_CONVERSION = YES;
				CLANG_WARN_OBJC_IMPLICIT_RETAIN_SELF = YES;
				CLANG_WARN_OBJC_LITERAL_CONVERSION = YES;
				CLANG_WARN_OBJC_ROOT_CLASS = YES_ERROR;
				CLANG_WARN_QUOTED_INCLUDE_IN_FRAMEWORK_HEADER = YES;
				CLANG_WARN_RANGE_LOOP_ANALYSIS = YES;
				CLANG_WARN_STRICT_PROTOTYPES = YES;
				CLANG_WARN_SUSPICIOUS_MOVE = YES;
				CLANG_WARN_UNGUARDED_AVAILABILITY = YES_AGGRESSIVE;
				CLANG_WARN_UNREACHABLE_CODE = YES;
				CLANG_WARN__DUPLICATE_METHOD_MATCH = YES;
				COPY_PHASE_STRIP = NO;
				DEBUG_INFORMATION_FORMAT = "dwarf-with-dsym";
				ENABLE_NS_ASSERTIONS = NO;
				ENABLE_STRICT_OBJC_MSGSEND = YES;
				GCC_C_LANGUAGE_STANDARD = gnu11;
				GCC_NO_COMMON_BLOCKS = YES;
				GCC_WARN_64_TO_32_BIT_CONVERSION = YES;
				GCC_WARN_ABOUT_RETURN_TYPE = YES_ERROR;
				GCC_WARN_UNDECLARED_SELECTOR = YES;
				GCC_WARN_UNINITIALIZED_AUTOS = YES_AGGRESSIVE;
				GCC_WARN_UNUSED_FUNCTION = YES;
				GCC_WARN_UNUSED_VARIABLE = YES;
				IPHONEOS_DEPLOYMENT_TARGET = 15.0;
				MTL_ENABLE_DEBUG_INFO = NO;
				MTL_FAST_MATH = YES;
				SDKROOT = iphoneos;
				SWIFT_COMPILATION_MODE = wholemodule;
				SWIFT_OPTIMIZATION_LEVEL = "-O";
				VALIDATE_PRODUCT = YES;
			};
			name = Release;
		};
		7F7B9AA7271BF3FC00522C99 /* Debug */ = {
			isa = XCBuildConfiguration;
			buildSettings = {
				ASSETCATALOG_COMPILER_APPICON_NAME = AppIcon;
				ASSETCATALOG_COMPILER_GLOBAL_ACCENT_COLOR_NAME = AccentColor;
				CODE_SIGN_STYLE = Automatic;
				CURRENT_PROJECT_VERSION = 1;
				DEVELOPMENT_ASSET_PATHS = "\"Pane/Preview Content\"";
				DEVELOPMENT_TEAM = "";
				ENABLE_PREVIEWS = YES;
				GENERATE_INFOPLIST_FILE = YES;
				INFOPLIST_KEY_UIApplicationSceneManifest_Generation = YES;
				INFOPLIST_KEY_UIApplicationSupportsIndirectInputEvents = YES;
				INFOPLIST_KEY_UILaunchScreen_Generation = YES;
				INFOPLIST_KEY_UISupportedInterfaceOrientations_iPad = "UIInterfaceOrientationPortrait UIInterfaceOrientationPortraitUpsideDown UIInterfaceOrientationLandscapeLeft UIInterfaceOrientationLandscapeRight";
				INFOPLIST_KEY_UISupportedInterfaceOrientations_iPhone = "UIInterfaceOrientationPortrait UIInterfaceOrientationLandscapeLeft UIInterfaceOrientationLandscapeRight";
				IPHONEOS_DEPLOYMENT_TARGET = 14.0;
				LD_RUNPATH_SEARCH_PATHS = (
					"$(inherited)",
					"@executable_path/Frameworks",
				);
				MARKETING_VERSION = 1.0;
				PRODUCT_BUNDLE_IDENTIFIER = app.antran.TweakPane.demo;
				PRODUCT_NAME = "$(TARGET_NAME)";
				SWIFT_EMIT_LOC_STRINGS = YES;
				SWIFT_VERSION = 5.0;
				TARGETED_DEVICE_FAMILY = "1,2";
			};
			name = Debug;
		};
		7F7B9AA8271BF3FC00522C99 /* Release */ = {
			isa = XCBuildConfiguration;
			buildSettings = {
				ASSETCATALOG_COMPILER_APPICON_NAME = AppIcon;
				ASSETCATALOG_COMPILER_GLOBAL_ACCENT_COLOR_NAME = AccentColor;
				CODE_SIGN_STYLE = Automatic;
				CURRENT_PROJECT_VERSION = 1;
				DEVELOPMENT_ASSET_PATHS = "\"Pane/Preview Content\"";
				DEVELOPMENT_TEAM = "";
				ENABLE_PREVIEWS = YES;
				GENERATE_INFOPLIST_FILE = YES;
				INFOPLIST_KEY_UIApplicationSceneManifest_Generation = YES;
				INFOPLIST_KEY_UIApplicationSupportsIndirectInputEvents = YES;
				INFOPLIST_KEY_UILaunchScreen_Generation = YES;
				INFOPLIST_KEY_UISupportedInterfaceOrientations_iPad = "UIInterfaceOrientationPortrait UIInterfaceOrientationPortraitUpsideDown UIInterfaceOrientationLandscapeLeft UIInterfaceOrientationLandscapeRight";
				INFOPLIST_KEY_UISupportedInterfaceOrientations_iPhone = "UIInterfaceOrientationPortrait UIInterfaceOrientationLandscapeLeft UIInterfaceOrientationLandscapeRight";
				IPHONEOS_DEPLOYMENT_TARGET = 14.0;
				LD_RUNPATH_SEARCH_PATHS = (
					"$(inherited)",
					"@executable_path/Frameworks",
				);
				MARKETING_VERSION = 1.0;
				PRODUCT_BUNDLE_IDENTIFIER = app.antran.TweakPane.demo;
				PRODUCT_NAME = "$(TARGET_NAME)";
				SWIFT_EMIT_LOC_STRINGS = YES;
				SWIFT_VERSION = 5.0;
				TARGETED_DEVICE_FAMILY = "1,2";
			};
			name = Release;
		};
/* End XCBuildConfiguration section */

/* Begin XCConfigurationList section */
		7F7B9A93271BF3FA00522C99 /* Build configuration list for PBXProject "Demo" */ = {
			isa = XCConfigurationList;
			buildConfigurations = (
				7F7B9AA4271BF3FC00522C99 /* Debug */,
				7F7B9AA5271BF3FC00522C99 /* Release */,
			);
			defaultConfigurationIsVisible = 0;
			defaultConfigurationName = Release;
		};
		7F7B9AA6271BF3FC00522C99 /* Build configuration list for PBXNativeTarget "Demo" */ = {
			isa = XCConfigurationList;
			buildConfigurations = (
				7F7B9AA7271BF3FC00522C99 /* Debug */,
				7F7B9AA8271BF3FC00522C99 /* Release */,
			);
			defaultConfigurationIsVisible = 0;
			defaultConfigurationName = Release;
		};
/* End XCConfigurationList section */

/* Begin XCRemoteSwiftPackageReference section */
		7F7B9AA9271BF98100522C99 /* XCRemoteSwiftPackageReference "BottomSheet" */ = {
			isa = XCRemoteSwiftPackageReference;
			repositoryURL = "https://github.com/danielsaidi/BottomSheet";
			requirement = {
				kind = upToNextMajorVersion;
				minimumVersion = 0.1.0;
			};
		};
		D726FC892724C78A00D5089E /* XCRemoteSwiftPackageReference "PagerTabStripView" */ = {
			isa = XCRemoteSwiftPackageReference;
			repositoryURL = "https://github.com/xmartlabs/PagerTabStripView.git";
			requirement = {
				kind = upToNextMajorVersion;
				minimumVersion = 3.0.0;
			};
		};
		D78283DD2720CAFA00CC059C /* XCRemoteSwiftPackageReference "AnPhotosPicker" */ = {
			isa = XCRemoteSwiftPackageReference;
			repositoryURL = "https://github.com/antranapp/AnPhotosPicker";
			requirement = {
				branch = master;
				kind = branch;
			};
		};
/* End XCRemoteSwiftPackageReference section */

/* Begin XCSwiftPackageProductDependency section */
		7F7B9AAA271BF98100522C99 /* BottomSheet */ = {
			isa = XCSwiftPackageProductDependency;
			package = 7F7B9AA9271BF98100522C99 /* XCRemoteSwiftPackageReference "BottomSheet" */;
			productName = BottomSheet;
		};
		D726FC8A2724C78A00D5089E /* PagerTabStripView */ = {
			isa = XCSwiftPackageProductDependency;
			package = D726FC892724C78A00D5089E /* XCRemoteSwiftPackageReference "PagerTabStripView" */;
			productName = PagerTabStripView;
		};
		D78283D12720C46B00CC059C /* TweakPane */ = {
			isa = XCSwiftPackageProductDependency;
			productName = TweakPane;
		};
		D78283DE2720CAFA00CC059C /* AnPhotosPicker */ = {
			isa = XCSwiftPackageProductDependency;
			package = D78283DD2720CAFA00CC059C /* XCRemoteSwiftPackageReference "AnPhotosPicker" */;
			productName = AnPhotosPicker;
		};
/* End XCSwiftPackageProductDependency section */
	};
	rootObject = 7F7B9A90271BF3FA00522C99 /* Project object */;
}
