{
  "object": {
    "pins": [
      {
        "package": "BottomSheet",
        "repositoryURL": "https://github.com/danielsaidi/BottomSheet",
        "state": {
          "branch": null,
          "revision": "940d2ebde76d6546931d455ae9dc267b704fb4b9",
          "version": "0.1.0"
        }
      }
    ]
  },
  "version": 1
}
